
Microsoft Visual Studio Solution File, Format Version 12.00
# Visual Studio 14
VisualStudioVersion = 14.0.24720.0
MinimumVisualStudioVersion = 10.0.40219.1
Project("{8BC9CEB8-8B4A-11D0-8D11-00A0C91BC942}") = "Kit", "Kit.vcxproj", "{078AB66E-FC1B-4C9C-93A0-F6F67576920B}"
EndProject
Project("{8BC9CEB8-8B4A-11D0-8D11-00A0C91BC942}") = "Material Editor", "..\Material Editor\Material Editor.vcxproj", "{41E12634-FA2E-4C8F-B593-718A4D660F22}"
EndProject
Project("{8BC9CEB8-8B4A-11D0-8D11-00A0C91BC942}") = "Asset Importer", "..\Asset Importer\Asset Importer.vcxproj", "{1A4587B0-61E8-4169-AB62-311E60C15DA7}"
EndProject
Project("{8BC9CEB8-8B4A-11D0-8D11-00A0C91BC942}") = "World Editor", "..\World Editor\World Editor.vcxproj", "{3190C98C-2AA4-4A0B-9F48-04BFB1D2B209}"
	ProjectSection(ProjectDependencies) = postProject
		{078AB66E-FC1B-4C9C-93A0-F6F67576920B} = {078AB66E-FC1B-4C9C-93A0-F6F67576920B}
	EndProjectSection
EndProject
Project("{8BC9CEB8-8B4A-11D0-8D11-00A0C91BC942}") = "Legend of Nifelheim", "..\Legend of Nifelheim\Legend of Nifelheim.vcxproj", "{E2AF0B66-E4C6-407D-BA93-C52C8BA740E5}"
	ProjectSection(ProjectDependencies) = postProject
		{078AB66E-FC1B-4C9C-93A0-F6F67576920B} = {078AB66E-FC1B-4C9C-93A0-F6F67576920B}
	EndProjectSection
EndProject
Project("{8BC9CEB8-8B4A-11D0-8D11-00A0C91BC942}") = "TestArea", "TestArea\TestArea.vcxproj", "{758D7A49-6EED-4AE6-B29F-E031646A4592}"
EndProject
Global
	GlobalSection(SolutionConfigurationPlatforms) = preSolution
		Debug|x64 = Debug|x64
		Debug|x86 = Debug|x86
		Release|x64 = Release|x64
		Release|x86 = Release|x86
	EndGlobalSection
	GlobalSection(ProjectConfigurationPlatforms) = postSolution
		{078AB66E-FC1B-4C9C-93A0-F6F67576920B}.Debug|x64.ActiveCfg = Debug|x64
		{078AB66E-FC1B-4C9C-93A0-F6F67576920B}.Debug|x64.Build.0 = Debug|x64
		{078AB66E-FC1B-4C9C-93A0-F6F67576920B}.Debug|x86.ActiveCfg = Debug|Win32
		{078AB66E-FC1B-4C9C-93A0-F6F67576920B}.Debug|x86.Build.0 = Debug|Win32
		{078AB66E-FC1B-4C9C-93A0-F6F67576920B}.Release|x64.ActiveCfg = Release|x64
		{078AB66E-FC1B-4C9C-93A0-F6F67576920B}.Release|x64.Build.0 = Release|x64
		{078AB66E-FC1B-4C9C-93A0-F6F67576920B}.Release|x86.ActiveCfg = Release|Win32
		{078AB66E-FC1B-4C9C-93A0-F6F67576920B}.Release|x86.Build.0 = Release|Win32
		{41E12634-FA2E-4C8F-B593-718A4D660F22}.Debug|x64.ActiveCfg = Debug|x64
		{41E12634-FA2E-4C8F-B593-718A4D660F22}.Debug|x64.Build.0 = Debug|x64
		{41E12634-FA2E-4C8F-B593-718A4D660F22}.Debug|x86.ActiveCfg = Debug|Win32
		{41E12634-FA2E-4C8F-B593-718A4D660F22}.Debug|x86.Build.0 = Debug|Win32
		{41E12634-FA2E-4C8F-B593-718A4D660F22}.Release|x64.ActiveCfg = Release|x64
		{41E12634-FA2E-4C8F-B593-718A4D660F22}.Release|x64.Build.0 = Release|x64
		{41E12634-FA2E-4C8F-B593-718A4D660F22}.Release|x86.ActiveCfg = Release|Win32
		{41E12634-FA2E-4C8F-B593-718A4D660F22}.Release|x86.Build.0 = Release|Win32
		{1A4587B0-61E8-4169-AB62-311E60C15DA7}.Debug|x64.ActiveCfg = Debug|x64
		{1A4587B0-61E8-4169-AB62-311E60C15DA7}.Debug|x64.Build.0 = Debug|x64
		{1A4587B0-61E8-4169-AB62-311E60C15DA7}.Debug|x86.ActiveCfg = Debug|Win32
		{1A4587B0-61E8-4169-AB62-311E60C15DA7}.Debug|x86.Build.0 = Debug|Win32
		{1A4587B0-61E8-4169-AB62-311E60C15DA7}.Release|x64.ActiveCfg = Release|x64
		{1A4587B0-61E8-4169-AB62-311E60C15DA7}.Release|x64.Build.0 = Release|x64
		{1A4587B0-61E8-4169-AB62-311E60C15DA7}.Release|x86.ActiveCfg = Release|Win32
		{1A4587B0-61E8-4169-AB62-311E60C15DA7}.Release|x86.Build.0 = Release|Win32
		{3190C98C-2AA4-4A0B-9F48-04BFB1D2B209}.Debug|x64.ActiveCfg = Debug|x64
		{3190C98C-2AA4-4A0B-9F48-04BFB1D2B209}.Debug|x64.Build.0 = Debug|x64
		{3190C98C-2AA4-4A0B-9F48-04BFB1D2B209}.Debug|x86.ActiveCfg = Debug|Win32
		{3190C98C-2AA4-4A0B-9F48-04BFB1D2B209}.Debug|x86.Build.0 = Debug|Win32
		{3190C98C-2AA4-4A0B-9F48-04BFB1D2B209}.Release|x64.ActiveCfg = Release|x64
		{3190C98C-2AA4-4A0B-9F48-04BFB1D2B209}.Release|x64.Build.0 = Release|x64
		{3190C98C-2AA4-4A0B-9F48-04BFB1D2B209}.Release|x86.ActiveCfg = Release|Win32
		{3190C98C-2AA4-4A0B-9F48-04BFB1D2B209}.Release|x86.Build.0 = Release|Win32
		{E2AF0B66-E4C6-407D-BA93-C52C8BA740E5}.Debug|x64.ActiveCfg = Debug|x64
		{E2AF0B66-E4C6-407D-BA93-C52C8BA740E5}.Debug|x64.Build.0 = Debug|x64
		{E2AF0B66-E4C6-407D-BA93-C52C8BA740E5}.Debug|x86.ActiveCfg = Debug|Win32
		{E2AF0B66-E4C6-407D-BA93-C52C8BA740E5}.Debug|x86.Build.0 = Debug|Win32
		{E2AF0B66-E4C6-407D-BA93-C52C8BA740E5}.Release|x64.ActiveCfg = Release|x64
		{E2AF0B66-E4C6-407D-BA93-C52C8BA740E5}.Release|x64.Build.0 = Release|x64
		{E2AF0B66-E4C6-407D-BA93-C52C8BA740E5}.Release|x86.ActiveCfg = Release|Win32
		{E2AF0B66-E4C6-407D-BA93-C52C8BA740E5}.Release|x86.Build.0 = Release|Win32
		{758D7A49-6EED-4AE6-B29F-E031646A4592}.Debug|x64.ActiveCfg = Debug|x64
		{758D7A49-6EED-4AE6-B29F-E031646A4592}.Debug|x64.Build.0 = Debug|x64
		{758D7A49-6EED-4AE6-B29F-E031646A4592}.Debug|x86.ActiveCfg = Debug|Win32
		{758D7A49-6EED-4AE6-B29F-E031646A4592}.Debug|x86.Build.0 = Debug|Win32
		{758D7A49-6EED-4AE6-B29F-E031646A4592}.Release|x64.ActiveCfg = Release|x64
		{758D7A49-6EED-4AE6-B29F-E031646A4592}.Release|x64.Build.0 = Release|x64
		{758D7A49-6EED-4AE6-B29F-E031646A4592}.Release|x86.ActiveCfg = Release|Win32
		{758D7A49-6EED-4AE6-B29F-E031646A4592}.Release|x86.Build.0 = Release|Win32
	EndGlobalSection
	GlobalSection(SolutionProperties) = preSolution
		HideSolutionNode = FALSE
	EndGlobalSection
EndGlobal
